// !$*UTF8*$!
{
	archiveVersion = 1;
	classes = {
	};
	objectVersion = 55;
	objects = {

/* Begin PBXBuildFile section */
		942DA5F62866F621002F7822 /* AppDelegate.swift in Sources */ = {isa = PBXBuildFile; fileRef = 942DA5F52866F621002F7822 /* AppDelegate.swift */; };
		942DA5F82866F621002F7822 /* SceneDelegate.swift in Sources */ = {isa = PBXBuildFile; fileRef = 942DA5F72866F621002F7822 /* SceneDelegate.swift */; };
		942DA5FA2866F621002F7822 /* ViewController.swift in Sources */ = {isa = PBXBuildFile; fileRef = 942DA5F92866F621002F7822 /* ViewController.swift */; };
		942DA5FD2866F621002F7822 /* Main.storyboard in Resources */ = {isa = PBXBuildFile; fileRef = 942DA5FB2866F621002F7822 /* Main.storyboard */; };
		942DA5FF2866F622002F7822 /* Assets.xcassets in Resources */ = {isa = PBXBuildFile; fileRef = 942DA5FE2866F622002F7822 /* Assets.xcassets */; };
		942DA6022866F622002F7822 /* LaunchScreen.storyboard in Resources */ = {isa = PBXBuildFile; fileRef = 942DA6002866F622002F7822 /* LaunchScreen.storyboard */; };
		942DA60D2866F622002F7822 /* SimpleTravel_IOSTests.swift in Sources */ = {isa = PBXBuildFile; fileRef = 942DA60C2866F622002F7822 /* SimpleTravel_IOSTests.swift */; };
		942DA6172866F622002F7822 /* SimpleTravel_IOSUITests.swift in Sources */ = {isa = PBXBuildFile; fileRef = 942DA6162866F622002F7822 /* SimpleTravel_IOSUITests.swift */; };
		942DA6192866F622002F7822 /* SimpleTravel_IOSUITestsLaunchTests.swift in Sources */ = {isa = PBXBuildFile; fileRef = 942DA6182866F622002F7822 /* SimpleTravel_IOSUITestsLaunchTests.swift */; };
/* End PBXBuildFile section */

/* Begin PBXContainerItemProxy section */
		942DA6092866F622002F7822 /* PBXContainerItemProxy */ = {
			isa = PBXContainerItemProxy;
			containerPortal = 942DA5EA2866F621002F7822 /* Project object */;
			proxyType = 1;
			remoteGlobalIDString = 942DA5F12866F621002F7822;
			remoteInfo = SimpleTravel_IOS;
		};
		942DA6132866F622002F7822 /* PBXContainerItemProxy */ = {
			isa = PBXContainerItemProxy;
			containerPortal = 942DA5EA2866F621002F7822 /* Project object */;
			proxyType = 1;
			remoteGlobalIDString = 942DA5F12866F621002F7822;
			remoteInfo = SimpleTravel_IOS;
		};
/* End PBXContainerItemProxy section */

/* Begin PBXFileReference section */
		942DA5F22866F621002F7822 /* SimpleTravel_IOS.app */ = {isa = PBXFileReference; explicitFileType = wrapper.application; includeInIndex = 0; path = SimpleTravel_IOS.app; sourceTree = BUILT_PRODUCTS_DIR; };
		942DA5F52866F621002F7822 /* AppDelegate.swift */ = {isa = PBXFileReference; lastKnownFileType = sourcecode.swift; path = AppDelegate.swift; sourceTree = "<group>"; };
		942DA5F72866F621002F7822 /* SceneDelegate.swift */ = {isa = PBXFileReference; lastKnownFileType = sourcecode.swift; path = SceneDelegate.swift; sourceTree = "<group>"; };
		942DA5F92866F621002F7822 /* ViewController.swift */ = {isa = PBXFileReference; lastKnownFileType = sourcecode.swift; path = ViewController.swift; sourceTree = "<group>"; };
		942DA5FC2866F621002F7822 /* Base */ = {isa = PBXFileReference; lastKnownFileType = file.storyboard; name = Base; path = Base.lproj/Main.storyboard; sourceTree = "<group>"; };
		942DA5FE2866F622002F7822 /* Assets.xcassets */ = {isa = PBXFileReference; lastKnownFileType = folder.assetcatalog; path = Assets.xcassets; sourceTree = "<group>"; };
		942DA6012866F622002F7822 /* Base */ = {isa = PBXFileReference; lastKnownFileType = file.storyboard; name = Base; path = Base.lproj/LaunchScreen.storyboard; sourceTree = "<group>"; };
		942DA6032866F622002F7822 /* Info.plist */ = {isa = PBXFileReference; lastKnownFileType = text.plist.xml; path = Info.plist; sourceTree = "<group>"; };
		942DA6082866F622002F7822 /* SimpleTravel_IOSTests.xctest */ = {isa = PBXFileReference; explicitFileType = wrapper.cfbundle; includeInIndex = 0; path = SimpleTravel_IOSTests.xctest; sourceTree = BUILT_PRODUCTS_DIR; };
		942DA60C2866F622002F7822 /* SimpleTravel_IOSTests.swift */ = {isa = PBXFileReference; lastKnownFileType = sourcecode.swift; path = SimpleTravel_IOSTests.swift; sourceTree = "<group>"; };
		942DA6122866F622002F7822 /* SimpleTravel_IOSUITests.xctest */ = {isa = PBXFileReference; explicitFileType = wrapper.cfbundle; includeInIndex = 0; path = SimpleTravel_IOSUITests.xctest; sourceTree = BUILT_PRODUCTS_DIR; };
		942DA6162866F622002F7822 /* SimpleTravel_IOSUITests.swift */ = {isa = PBXFileReference; lastKnownFileType = sourcecode.swift; path = SimpleTravel_IOSUITests.swift; sourceTree = "<group>"; };
		942DA6182866F622002F7822 /* SimpleTravel_IOSUITestsLaunchTests.swift */ = {isa = PBXFileReference; lastKnownFileType = sourcecode.swift; path = SimpleTravel_IOSUITestsLaunchTests.swift; sourceTree = "<group>"; };
/* End PBXFileReference section */

/* Begin PBXFrameworksBuildPhase section */
		942DA5EF2866F621002F7822 /* Frameworks */ = {
			isa = PBXFrameworksBuildPhase;
			buildActionMask = 2147483647;
			files = (
			);
			runOnlyForDeploymentPostprocessing = 0;
		};
		942DA6052866F622002F7822 /* Frameworks */ = {
			isa = PBXFrameworksBuildPhase;
			buildActionMask = 2147483647;
			files = (
			);
			runOnlyForDeploymentPostprocessing = 0;
		};
		942DA60F2866F622002F7822 /* Frameworks */ = {
			isa = PBXFrameworksBuildPhase;
			buildActionMask = 2147483647;
			files = (
			);
			runOnlyForDeploymentPostprocessing = 0;
		};
/* End PBXFrameworksBuildPhase section */

/* Begin PBXGroup section */
		942DA5E92866F621002F7822 = {
			isa = PBXGroup;
			children = (
				942DA5F42866F621002F7822 /* SimpleTravel_IOS */,
				942DA60B2866F622002F7822 /* SimpleTravel_IOSTests */,
				942DA6152866F622002F7822 /* SimpleTravel_IOSUITests */,
				942DA5F32866F621002F7822 /* Products */,
			);
			sourceTree = "<group>";
		};
		942DA5F32866F621002F7822 /* Products */ = {
			isa = PBXGroup;
			children = (
				942DA5F22866F621002F7822 /* SimpleTravel_IOS.app */,
				942DA6082866F622002F7822 /* SimpleTravel_IOSTests.xctest */,
				942DA6122866F622002F7822 /* SimpleTravel_IOSUITests.xctest */,
			);
			name = Products;
			sourceTree = "<group>";
		};
		942DA5F42866F621002F7822 /* SimpleTravel_IOS */ = {
			isa = PBXGroup;
			children = (
				942DA5F52866F621002F7822 /* AppDelegate.swift */,
				942DA5F72866F621002F7822 /* SceneDelegate.swift */,
				942DA5F92866F621002F7822 /* ViewController.swift */,
				942DA5FB2866F621002F7822 /* Main.storyboard */,
				942DA5FE2866F622002F7822 /* Assets.xcassets */,
				942DA6002866F622002F7822 /* LaunchScreen.storyboard */,
				942DA6032866F622002F7822 /* Info.plist */,
			);
			path = SimpleTravel_IOS;
			sourceTree = "<group>";
		};
		942DA60B2866F622002F7822 /* SimpleTravel_IOSTests */ = {
			isa = PBXGroup;
			children = (
				942DA60C2866F622002F7822 /* SimpleTravel_IOSTests.swift */,
			);
			path = SimpleTravel_IOSTests;
			sourceTree = "<group>";
		};
		942DA6152866F622002F7822 /* SimpleTravel_IOSUITests */ = {
			isa = PBXGroup;
			children = (
				942DA6162866F622002F7822 /* SimpleTravel_IOSUITests.swift */,
				942DA6182866F622002F7822 /* SimpleTravel_IOSUITestsLaunchTests.swift */,
			);
			path = SimpleTravel_IOSUITests;
			sourceTree = "<group>";
		};
/* End PBXGroup section */

/* Begin PBXNativeTarget section */
		942DA5F12866F621002F7822 /* SimpleTravel_IOS */ = {
			isa = PBXNativeTarget;
			buildConfigurationList = 942DA61C2866F622002F7822 /* Build configuration list for PBXNativeTarget "SimpleTravel_IOS" */;
			buildPhases = (
				942DA5EE2866F621002F7822 /* Sources */,
				942DA5EF2866F621002F7822 /* Frameworks */,
				942DA5F02866F621002F7822 /* Resources */,
			);
			buildRules = (
			);
			dependencies = (
			);
			name = SimpleTravel_IOS;
			productName = SimpleTravel_IOS;
			productReference = 942DA5F22866F621002F7822 /* SimpleTravel_IOS.app */;
			productType = "com.apple.product-type.application";
		};
		942DA6072866F622002F7822 /* SimpleTravel_IOSTests */ = {
			isa = PBXNativeTarget;
			buildConfigurationList = 942DA61F2866F622002F7822 /* Build configuration list for PBXNativeTarget "SimpleTravel_IOSTests" */;
			buildPhases = (
				942DA6042866F622002F7822 /* Sources */,
				942DA6052866F622002F7822 /* Frameworks */,
				942DA6062866F622002F7822 /* Resources */,
			);
			buildRules = (
			);
			dependencies = (
				942DA60A2866F622002F7822 /* PBXTargetDependency */,
			);
			name = SimpleTravel_IOSTests;
			productName = SimpleTravel_IOSTests;
			productReference = 942DA6082866F622002F7822 /* SimpleTravel_IOSTests.xctest */;
			productType = "com.apple.product-type.bundle.unit-test";
		};
		942DA6112866F622002F7822 /* SimpleTravel_IOSUITests */ = {
			isa = PBXNativeTarget;
			buildConfigurationList = 942DA6222866F622002F7822 /* Build configuration list for PBXNativeTarget "SimpleTravel_IOSUITests" */;
			buildPhases = (
				942DA60E2866F622002F7822 /* Sources */,
				942DA60F2866F622002F7822 /* Frameworks */,
				942DA6102866F622002F7822 /* Resources */,
			);
			buildRules = (
			);
			dependencies = (
				942DA6142866F622002F7822 /* PBXTargetDependency */,
			);
			name = SimpleTravel_IOSUITests;
			productName = SimpleTravel_IOSUITests;
			productReference = 942DA6122866F622002F7822 /* SimpleTravel_IOSUITests.xctest */;
			productType = "com.apple.product-type.bundle.ui-testing";
		};
/* End PBXNativeTarget section */

/* Begin PBXProject section */
		942DA5EA2866F621002F7822 /* Project object */ = {
			isa = PBXProject;
			attributes = {
				BuildIndependentTargetsInParallel = 1;
				LastSwiftUpdateCheck = 1340;
				LastUpgradeCheck = 1340;
				TargetAttributes = {
					942DA5F12866F621002F7822 = {
						CreatedOnToolsVersion = 13.4.1;
					};
					942DA6072866F622002F7822 = {
						CreatedOnToolsVersion = 13.4.1;
						TestTargetID = 942DA5F12866F621002F7822;
					};
					942DA6112866F622002F7822 = {
						CreatedOnToolsVersion = 13.4.1;
						TestTargetID = 942DA5F12866F621002F7822;
					};
				};
			};
			buildConfigurationList = 942DA5ED2866F621002F7822 /* Build configuration list for PBXProject "SimpleTravel_IOS" */;
			compatibilityVersion = "Xcode 13.0";
			developmentRegion = en;
			hasScannedForEncodings = 0;
			knownRegions = (
				en,
				Base,
			);
			mainGroup = 942DA5E92866F621002F7822;
			productRefGroup = 942DA5F32866F621002F7822 /* Products */;
			projectDirPath = "";
			projectRoot = "";
			targets = (
				942DA5F12866F621002F7822 /* SimpleTravel_IOS */,
				942DA6072866F622002F7822 /* SimpleTravel_IOSTests */,
				942DA6112866F622002F7822 /* SimpleTravel_IOSUITests */,
			);
		};
/* End PBXProject section */

/* Begin PBXResourcesBuildPhase section */
		942DA5F02866F621002F7822 /* Resources */ = {
			isa = PBXResourcesBuildPhase;
			buildActionMask = 2147483647;
			files = (
				942DA6022866F622002F7822 /* LaunchScreen.storyboard in Resources */,
				942DA5FF2866F622002F7822 /* Assets.xcassets in Resources */,
				942DA5FD2866F621002F7822 /* Main.storyboard in Resources */,
			);
			runOnlyForDeploymentPostprocessing = 0;
		};
		942DA6062866F622002F7822 /* Resources */ = {
			isa = PBXResourcesBuildPhase;
			buildActionMask = 2147483647;
			files = (
			);
			runOnlyForDeploymentPostprocessing = 0;
		};
		942DA6102866F622002F7822 /* Resources */ = {
			isa = PBXResourcesBuildPhase;
			buildActionMask = 2147483647;
			files = (
			);
			runOnlyForDeploymentPostprocessing = 0;
		};
/* End PBXResourcesBuildPhase section */

/* Begin PBXSourcesBuildPhase section */
		942DA5EE2866F621002F7822 /* Sources */ = {
			isa = PBXSourcesBuildPhase;
			buildActionMask = 2147483647;
			files = (
				942DA5FA2866F621002F7822 /* ViewController.swift in Sources */,
				942DA5F62866F621002F7822 /* AppDelegate.swift in Sources */,
				942DA5F82866F621002F7822 /* SceneDelegate.swift in Sources */,
			);
			runOnlyForDeploymentPostprocessing = 0;
		};
		942DA6042866F622002F7822 /* Sources */ = {
			isa = PBXSourcesBuildPhase;
			buildActionMask = 2147483647;
			files = (
				942DA60D2866F622002F7822 /* SimpleTravel_IOSTests.swift in Sources */,
			);
			runOnlyForDeploymentPostprocessing = 0;
		};
		942DA60E2866F622002F7822 /* Sources */ = {
			isa = PBXSourcesBuildPhase;
			buildActionMask = 2147483647;
			files = (
				942DA6192866F622002F7822 /* SimpleTravel_IOSUITestsLaunchTests.swift in Sources */,
				942DA6172866F622002F7822 /* SimpleTravel_IOSUITests.swift in Sources */,
			);
			runOnlyForDeploymentPostprocessing = 0;
		};
/* End PBXSourcesBuildPhase section */

/* Begin PBXTargetDependency section */
		942DA60A2866F622002F7822 /* PBXTargetDependency */ = {
			isa = PBXTargetDependency;
			target = 942DA5F12866F621002F7822 /* SimpleTravel_IOS */;
			targetProxy = 942DA6092866F622002F7822 /* PBXContainerItemProxy */;
		};
		942DA6142866F622002F7822 /* PBXTargetDependency */ = {
			isa = PBXTargetDependency;
			target = 942DA5F12866F621002F7822 /* SimpleTravel_IOS */;
			targetProxy = 942DA6132866F622002F7822 /* PBXContainerItemProxy */;
		};
/* End PBXTargetDependency section */

/* Begin PBXVariantGroup section */
		942DA5FB2866F621002F7822 /* Main.storyboard */ = {
			isa = PBXVariantGroup;
			children = (
				942DA5FC2866F621002F7822 /* Base */,
			);
			name = Main.storyboard;
			sourceTree = "<group>";
		};
		942DA6002866F622002F7822 /* LaunchScreen.storyboard */ = {
			isa = PBXVariantGroup;
			children = (
				942DA6012866F622002F7822 /* Base */,
			);
			name = LaunchScreen.storyboard;
			sourceTree = "<group>";
		};
/* End PBXVariantGroup section */

/* Begin XCBuildConfiguration section */
		942DA61A2866F622002F7822 /* Debug */ = {
			isa = XCBuildConfiguration;
			buildSettings = {
				ALWAYS_SEARCH_USER_PATHS = NO;
				CLANG_ANALYZER_NONNULL = YES;
				CLANG_ANALYZER_NUMBER_OBJECT_CONVERSION = YES_AGGRESSIVE;
				CLANG_CXX_LANGUAGE_STANDARD = "gnu++17";
				CLANG_ENABLE_MODULES = YES;
				CLANG_ENABLE_OBJC_ARC = YES;
				CLANG_ENABLE_OBJC_WEAK = YES;
				CLANG_WARN_BLOCK_CAPTURE_AUTORELEASING = YES;
				CLANG_WARN_BOOL_CONVERSION = YES;
				CLANG_WARN_COMMA = YES;
				CLANG_WARN_CONSTANT_CONVERSION = YES;
				CLANG_WARN_DEPRECATED_OBJC_IMPLEMENTATIONS = YES;
				CLANG_WARN_DIRECT_OBJC_ISA_USAGE = YES_ERROR;
				CLANG_WARN_DOCUMENTATION_COMMENTS = YES;
				CLANG_WARN_EMPTY_BODY = YES;
				CLANG_WARN_ENUM_CONVERSION = YES;
				CLANG_WARN_INFINITE_RECURSION = YES;
				CLANG_WARN_INT_CONVERSION = YES;
				CLANG_WARN_NON_LITERAL_NULL_CONVERSION = YES;
				CLANG_WARN_OBJC_IMPLICIT_RETAIN_SELF = YES;
				CLANG_WARN_OBJC_LITERAL_CONVERSION = YES;
				CLANG_WARN_OBJC_ROOT_CLASS = YES_ERROR;
				CLANG_WARN_QUOTED_INCLUDE_IN_FRAMEWORK_HEADER = YES;
				CLANG_WARN_RANGE_LOOP_ANALYSIS = YES;
				CLANG_WARN_STRICT_PROTOTYPES = YES;
				CLANG_WARN_SUSPICIOUS_MOVE = YES;
				CLANG_WARN_UNGUARDED_AVAILABILITY = YES_AGGRESSIVE;
				CLANG_WARN_UNREACHABLE_CODE = YES;
				CLANG_WARN__DUPLICATE_METHOD_MATCH = YES;
				COPY_PHASE_STRIP = NO;
				DEBUG_INFORMATION_FORMAT = dwarf;
				ENABLE_STRICT_OBJC_MSGSEND = YES;
				ENABLE_TESTABILITY = YES;
				GCC_C_LANGUAGE_STANDARD = gnu11;
				GCC_DYNAMIC_NO_PIC = NO;
				GCC_NO_COMMON_BLOCKS = YES;
				GCC_OPTIMIZATION_LEVEL = 0;
				GCC_PREPROCESSOR_DEFINITIONS = (
					"DEBUG=1",
					"$(inherited)",
				);
				GCC_WARN_64_TO_32_BIT_CONVERSION = YES;
				GCC_WARN_ABOUT_RETURN_TYPE = YES_ERROR;
				GCC_WARN_UNDECLARED_SELECTOR = YES;
				GCC_WARN_UNINITIALIZED_AUTOS = YES_AGGRESSIVE;
				GCC_WARN_UNUSED_FUNCTION = YES;
				GCC_WARN_UNUSED_VARIABLE = YES;
				IPHONEOS_DEPLOYMENT_TARGET = 15.5;
				MTL_ENABLE_DEBUG_INFO = INCLUDE_SOURCE;
				MTL_FAST_MATH = YES;
				ONLY_ACTIVE_ARCH = YES;
				SDKROOT = iphoneos;
				SWIFT_ACTIVE_COMPILATION_CONDITIONS = DEBUG;
				SWIFT_OPTIMIZATION_LEVEL = "-Onone";
			};
			name = Debug;
		};
		942DA61B2866F622002F7822 /* Release */ = {
			isa = XCBuildConfiguration;
			buildSettings = {
				ALWAYS_SEARCH_USER_PATHS = NO;
				CLANG_ANALYZER_NONNULL = YES;
				CLANG_ANALYZER_NUMBER_OBJECT_CONVERSION = YES_AGGRESSIVE;
				CLANG_CXX_LANGUAGE_STANDARD = "gnu++17";
				CLANG_ENABLE_MODULES = YES;
				CLANG_ENABLE_OBJC_ARC = YES;
				CLANG_ENABLE_OBJC_WEAK = YES;
				CLANG_WARN_BLOCK_CAPTURE_AUTORELEASING = YES;
				CLANG_WARN_BOOL_CONVERSION = YES;
				CLANG_WARN_COMMA = YES;
				CLANG_WARN_CONSTANT_CONVERSION = YES;
				CLANG_WARN_DEPRECATED_OBJC_IMPLEMENTATIONS = YES;
				CLANG_WARN_DIRECT_OBJC_ISA_USAGE = YES_ERROR;
				CLANG_WARN_DOCUMENTATION_COMMENTS = YES;
				CLANG_WARN_EMPTY_BODY = YES;
				CLANG_WARN_ENUM_CONVERSION = YES;
				CLANG_WARN_INFINITE_RECURSION = YES;
				CLANG_WARN_INT_CONVERSION = YES;
				CLANG_WARN_NON_LITERAL_NULL_CONVERSION = YES;
				CLANG_WARN_OBJC_IMPLICIT_RETAIN_SELF = YES;
				CLANG_WARN_OBJC_LITERAL_CONVERSION = YES;
				CLANG_WARN_OBJC_ROOT_CLASS = YES_ERROR;
				CLANG_WARN_QUOTED_INCLUDE_IN_FRAMEWORK_HEADER = YES;
				CLANG_WARN_RANGE_LOOP_ANALYSIS = YES;
				CLANG_WARN_STRICT_PROTOTYPES = YES;
				CLANG_WARN_SUSPICIOUS_MOVE = YES;
				CLANG_WARN_UNGUARDED_AVAILABILITY = YES_AGGRESSIVE;
				CLANG_WARN_UNREACHABLE_CODE = YES;
				CLANG_WARN__DUPLICATE_METHOD_MATCH = YES;
				COPY_PHASE_STRIP = NO;
				DEBUG_INFORMATION_FORMAT = "dwarf-with-dsym";
				ENABLE_NS_ASSERTIONS = NO;
				ENABLE_STRICT_OBJC_MSGSEND = YES;
				GCC_C_LANGUAGE_STANDARD = gnu11;
				GCC_NO_COMMON_BLOCKS = YES;
				GCC_WARN_64_TO_32_BIT_CONVERSION = YES;
				GCC_WARN_ABOUT_RETURN_TYPE = YES_ERROR;
				GCC_WARN_UNDECLARED_SELECTOR = YES;
				GCC_WARN_UNINITIALIZED_AUTOS = YES_AGGRESSIVE;
				GCC_WARN_UNUSED_FUNCTION = YES;
				GCC_WARN_UNUSED_VARIABLE = YES;
				IPHONEOS_DEPLOYMENT_TARGET = 15.5;
				MTL_ENABLE_DEBUG_INFO = NO;
				MTL_FAST_MATH = YES;
				SDKROOT = iphoneos;
				SWIFT_COMPILATION_MODE = wholemodule;
				SWIFT_OPTIMIZATION_LEVEL = "-O";
				VALIDATE_PRODUCT = YES;
			};
			name = Release;
		};
		942DA61D2866F622002F7822 /* Debug */ = {
			isa = XCBuildConfiguration;
			buildSettings = {
				ASSETCATALOG_COMPILER_APPICON_NAME = AppIcon;
				ASSETCATALOG_COMPILER_GLOBAL_ACCENT_COLOR_NAME = AccentColor;
				CODE_SIGN_STYLE = Automatic;
				CURRENT_PROJECT_VERSION = 1;
				DEVELOPMENT_TEAM = 4Q738PTDH9;
				GENERATE_INFOPLIST_FILE = YES;
				INFOPLIST_FILE = SimpleTravel_IOS/Info.plist;
				INFOPLIST_KEY_UIApplicationSupportsIndirectInputEvents = YES;
				INFOPLIST_KEY_UILaunchStoryboardName = LaunchScreen;
				INFOPLIST_KEY_UIMainStoryboardFile = Main;
				INFOPLIST_KEY_UISupportedInterfaceOrientations_iPad = "UIInterfaceOrientationPortrait UIInterfaceOrientationPortraitUpsideDown UIInterfaceOrientationLandscapeLeft UIInterfaceOrientationLandscapeRight";
				INFOPLIST_KEY_UISupportedInterfaceOrientations_iPhone = "UIInterfaceOrientationPortrait UIInterfaceOrientationLandscapeLeft UIInterfaceOrientationLandscapeRight";
				LD_RUNPATH_SEARCH_PATHS = (
					"$(inherited)",
					"@executable_path/Frameworks",
				);
				MARKETING_VERSION = 1.0;
				PRODUCT_BUNDLE_IDENTIFIER = "WADP.SimpleTravel-IOS";
				PRODUCT_NAME = "$(TARGET_NAME)";
				SWIFT_EMIT_LOC_STRINGS = YES;
				SWIFT_VERSION = 5.0;
				TARGETED_DEVICE_FAMILY = "1,2";
			};
			name = Debug;
		};
		942DA61E2866F622002F7822 /* Release */ = {
			isa = XCBuildConfiguration;
			buildSettings = {
				ASSETCATALOG_COMPILER_APPICON_NAME = AppIcon;
				ASSETCATALOG_COMPILER_GLOBAL_ACCENT_COLOR_NAME = AccentColor;
				CODE_SIGN_STYLE = Automatic;
				CURRENT_PROJECT_VERSION = 1;
				DEVELOPMENT_TEAM = 4Q738PTDH9;
				GENERATE_INFOPLIST_FILE = YES;
				INFOPLIST_FILE = SimpleTravel_IOS/Info.plist;
				INFOPLIST_KEY_UIApplicationSupportsIndirectInputEvents = YES;
				INFOPLIST_KEY_UILaunchStoryboardName = LaunchScreen;
				INFOPLIST_KEY_UIMainStoryboardFile = Main;
				INFOPLIST_KEY_UISupportedInterfaceOrientations_iPad = "UIInterfaceOrientationPortrait UIInterfaceOrientationPortraitUpsideDown UIInterfaceOrientationLandscapeLeft UIInterfaceOrientationLandscapeRight";
				INFOPLIST_KEY_UISupportedInterfaceOrientations_iPhone = "UIInterfaceOrientationPortrait UIInterfaceOrientationLandscapeLeft UIInterfaceOrientationLandscapeRight";
				LD_RUNPATH_SEARCH_PATHS = (
					"$(inherited)",
					"@executable_path/Frameworks",
				);
				MARKETING_VERSION = 1.0;
				PRODUCT_BUNDLE_IDENTIFIER = "WADP.SimpleTravel-IOS";
				PRODUCT_NAME = "$(TARGET_NAME)";
				SWIFT_EMIT_LOC_STRINGS = YES;
				SWIFT_VERSION = 5.0;
				TARGETED_DEVICE_FAMILY = "1,2";
			};
			name = Release;
		};
		942DA6202866F622002F7822 /* Debug */ = {
			isa = XCBuildConfiguration;
			buildSettings = {
				ALWAYS_EMBED_SWIFT_STANDARD_LIBRARIES = YES;
				BUNDLE_LOADER = "$(TEST_HOST)";
				CODE_SIGN_STYLE = Automatic;
				CURRENT_PROJECT_VERSION = 1;
				DEVELOPMENT_TEAM = 4Q738PTDH9;
				GENERATE_INFOPLIST_FILE = YES;
				IPHONEOS_DEPLOYMENT_TARGET = 15.5;
				MARKETING_VERSION = 1.0;
				PRODUCT_BUNDLE_IDENTIFIER = "WADP.SimpleTravel-IOSTests";
				PRODUCT_NAME = "$(TARGET_NAME)";
				SWIFT_EMIT_LOC_STRINGS = NO;
				SWIFT_VERSION = 5.0;
				TARGETED_DEVICE_FAMILY = "1,2";
				TEST_HOST = "$(BUILT_PRODUCTS_DIR)/SimpleTravel_IOS.app/SimpleTravel_IOS";
			};
			name = Debug;
		};
		942DA6212866F622002F7822 /* Release */ = {
			isa = XCBuildConfiguration;
			buildSettings = {
				ALWAYS_EMBED_SWIFT_STANDARD_LIBRARIES = YES;
				BUNDLE_LOADER = "$(TEST_HOST)";
				CODE_SIGN_STYLE = Automatic;
				CURRENT_PROJECT_VERSION = 1;
				DEVELOPMENT_TEAM = 4Q738PTDH9;
				GENERATE_INFOPLIST_FILE = YES;
				IPHONEOS_DEPLOYMENT_TARGET = 15.5;
				MARKETING_VERSION = 1.0;
				PRODUCT_BUNDLE_IDENTIFIER = "WADP.SimpleTravel-IOSTests";
				PRODUCT_NAME = "$(TARGET_NAME)";
				SWIFT_EMIT_LOC_STRINGS = NO;
				SWIFT_VERSION = 5.0;
				TARGETED_DEVICE_FAMILY = "1,2";
				TEST_HOST = "$(BUILT_PRODUCTS_DIR)/SimpleTravel_IOS.app/SimpleTravel_IOS";
			};
			name = Release;
		};
		942DA6232866F622002F7822 /* Debug */ = {
			isa = XCBuildConfiguration;
			buildSettings = {
				ALWAYS_EMBED_SWIFT_STANDARD_LIBRARIES = YES;
				CODE_SIGN_STYLE = Automatic;
				CURRENT_PROJECT_VERSION = 1;
				DEVELOPMENT_TEAM = 4Q738PTDH9;
				GENERATE_INFOPLIST_FILE = YES;
				MARKETING_VERSION = 1.0;
				PRODUCT_BUNDLE_IDENTIFIER = "WADP.SimpleTravel-IOSUITests";
				PRODUCT_NAME = "$(TARGET_NAME)";
				SWIFT_EMIT_LOC_STRINGS = NO;
				SWIFT_VERSION = 5.0;
				TARGETED_DEVICE_FAMILY = "1,2";
				TEST_TARGET_NAME = SimpleTravel_IOS;
			};
			name = Debug;
		};
		942DA6242866F622002F7822 /* Release */ = {
			isa = XCBuildConfiguration;
			buildSettings = {
				ALWAYS_EMBED_SWIFT_STANDARD_LIBRARIES = YES;
				CODE_SIGN_STYLE = Automatic;
				CURRENT_PROJECT_VERSION = 1;
				DEVELOPMENT_TEAM = 4Q738PTDH9;
				GENERATE_INFOPLIST_FILE = YES;
				MARKETING_VERSION = 1.0;
				PRODUCT_BUNDLE_IDENTIFIER = "WADP.SimpleTravel-IOSUITests";
				PRODUCT_NAME = "$(TARGET_NAME)";
				SWIFT_EMIT_LOC_STRINGS = NO;
				SWIFT_VERSION = 5.0;
				TARGETED_DEVICE_FAMILY = "1,2";
				TEST_TARGET_NAME = SimpleTravel_IOS;
			};
			name = Release;
		};
/* End XCBuildConfiguration section */

/* Begin XCConfigurationList section */
		942DA5ED2866F621002F7822 /* Build configuration list for PBXProject "SimpleTravel_IOS" */ = {
			isa = XCConfigurationList;
			buildConfigurations = (
				942DA61A2866F622002F7822 /* Debug */,
				942DA61B2866F622002F7822 /* Release */,
			);
			defaultConfigurationIsVisible = 0;
			defaultConfigurationName = Release;
		};
		942DA61C2866F622002F7822 /* Build configuration list for PBXNativeTarget "SimpleTravel_IOS" */ = {
			isa = XCConfigurationList;
			buildConfigurations = (
				942DA61D2866F622002F7822 /* Debug */,
				942DA61E2866F622002F7822 /* Release */,
			);
			defaultConfigurationIsVisible = 0;
			defaultConfigurationName = Release;
		};
		942DA61F2866F622002F7822 /* Build configuration list for PBXNativeTarget "SimpleTravel_IOSTests" */ = {
			isa = XCConfigurationList;
			buildConfigurations = (
				942DA6202866F622002F7822 /* Debug */,
				942DA6212866F622002F7822 /* Release */,
			);
			defaultConfigurationIsVisible = 0;
			defaultConfigurationName = Release;
		};
		942DA6222866F622002F7822 /* Build configuration list for PBXNativeTarget "SimpleTravel_IOSUITests" */ = {
			isa = XCConfigurationList;
			buildConfigurations = (
				942DA6232866F622002F7822 /* Debug */,
				942DA6242866F622002F7822 /* Release */,
			);
			defaultConfigurationIsVisible = 0;
			defaultConfigurationName = Release;
		};
/* End XCConfigurationList section */
	};
	rootObject = 942DA5EA2866F621002F7822 /* Project object */;
}
